
Microsoft Visual Studio Solution File, Format Version 12.00
# Visual Studio Version 16
VisualStudioVersion = 16.0.32002.261
MinimumVisualStudioVersion = 10.0.40219.1
Project("{FAE04EC0-301F-11D3-BF4B-00C04F79EFBC}") = "nashi9952_vs2019", "nashi9952_vs2019\nashi9952_vs2019.csproj", "{779FBFE5-0C69-4B0E-B9D3-F4BDB137CA3D}"
EndProject
Global
	GlobalSection(SolutionConfigurationPlatforms) = preSolution
		Debug|Any CPU = Debug|Any CPU
		Release|Any CPU = Release|Any CPU
	EndGlobalSection
	GlobalSection(ProjectConfigurationPlatforms) = postSolution
		{779FBFE5-0C69-4B0E-B9D3-F4BDB137CA3D}.Debug|Any CPU.ActiveCfg = Debug|Any CPU
		{779FBFE5-0C69-4B0E-B9D3-F4BDB137CA3D}.Debug|Any CPU.Build.0 = Debug|Any CPU
		{779FBFE5-0C69-4B0E-B9D3-F4BDB137CA3D}.Release|Any CPU.ActiveCfg = Release|Any CPU
		{779FBFE5-0C69-4B0E-B9D3-F4BDB137CA3D}.Release|Any CPU.Build.0 = Release|Any CPU
	EndGlobalSection
	GlobalSection(SolutionProperties) = preSolution
		HideSolutionNode = FALSE
	EndGlobalSection
	GlobalSection(ExtensibilityGlobals) = postSolution
		SolutionGuid = {5FAC5B8B-60FF-4506-8404-77582B8DA283}
	EndGlobalSection
EndGlobal
